
Microsoft Visual Studio Solution File, Format Version 12.00
# Visual Studio Version 16
VisualStudioVersion = 16.0.29418.71
MinimumVisualStudioVersion = 10.0.40219.1
Project("{FAE04EC0-301F-11D3-BF4B-00C04F79EFBC}") = "Tauri SDK", "Tauri SDK\Tauri SDK.csproj", "{2B0CAE26-18EB-468D-A1D3-3B923AF6BC98}"
EndProject
Project("{FAE04EC0-301F-11D3-BF4B-00C04F79EFBC}") = "Tauri SDK Tests", "Tauri SDK Tests\Tauri SDK Tests.csproj", "{A3ED3CF1-C8C6-4942-B953-D065FAA0F00E}"
EndProject
Global
	GlobalSection(SolutionConfigurationPlatforms) = preSolution
		Debug|Any CPU = Debug|Any CPU
		Release|Any CPU = Release|Any CPU
	EndGlobalSection
	GlobalSection(ProjectConfigurationPlatforms) = postSolution
		{2B0CAE26-18EB-468D-A1D3-3B923AF6BC98}.Debug|Any CPU.ActiveCfg = Debug|Any CPU
		{2B0CAE26-18EB-468D-A1D3-3B923AF6BC98}.Debug|Any CPU.Build.0 = Debug|Any CPU
		{2B0CAE26-18EB-468D-A1D3-3B923AF6BC98}.Release|Any CPU.ActiveCfg = Release|Any CPU
		{2B0CAE26-18EB-468D-A1D3-3B923AF6BC98}.Release|Any CPU.Build.0 = Release|Any CPU
		{A3ED3CF1-C8C6-4942-B953-D065FAA0F00E}.Debug|Any CPU.ActiveCfg = Debug|Any CPU
		{A3ED3CF1-C8C6-4942-B953-D065FAA0F00E}.Debug|Any CPU.Build.0 = Debug|Any CPU
		{A3ED3CF1-C8C6-4942-B953-D065FAA0F00E}.Release|Any CPU.ActiveCfg = Release|Any CPU
		{A3ED3CF1-C8C6-4942-B953-D065FAA0F00E}.Release|Any CPU.Build.0 = Release|Any CPU
	EndGlobalSection
	GlobalSection(SolutionProperties) = preSolution
		HideSolutionNode = FALSE
	EndGlobalSection
	GlobalSection(ExtensibilityGlobals) = postSolution
		SolutionGuid = {78DD12B2-63C2-455D-844E-BA5612C1FBDE}
	EndGlobalSection
EndGlobal
